
Microsoft Visual Studio Solution File, Format Version 12.00
# Visual Studio Version 16
VisualStudioVersion = 16.0.29215.179
MinimumVisualStudioVersion = 10.0.40219.1
Project("{FAE04EC0-301F-11D3-BF4B-00C04F79EFBC}") = "BalitTanahPelayanan", "BalitTanahPelayanan\BalitTanahPelayanan.csproj", "{22E4C395-2D90-4CDF-8C82-47D3521FBFD1}"
EndProject
Project("{FAE04EC0-301F-11D3-BF4B-00C04F79EFBC}") = "SamplePrint", "SamplePrint\SamplePrint.csproj", "{554330C4-85B7-470D-BF27-1FF861E7CF02}"
EndProject
Project("{FAE04EC0-301F-11D3-BF4B-00C04F79EFBC}") = "Silpo.DeviceDataCollector", "Silpo.DeviceDataCollector\Silpo.DeviceDataCollector.csproj", "{7F5D3B88-3D4F-4E3C-A6DA-11196D0B56EA}"
EndProject
Global
	GlobalSection(SolutionConfigurationPlatforms) = preSolution
		Debug|Any CPU = Debug|Any CPU
		Release|Any CPU = Release|Any CPU
	EndGlobalSection
	GlobalSection(ProjectConfigurationPlatforms) = postSolution
		{22E4C395-2D90-4CDF-8C82-47D3521FBFD1}.Debug|Any CPU.ActiveCfg = Debug|Any CPU
		{22E4C395-2D90-4CDF-8C82-47D3521FBFD1}.Debug|Any CPU.Build.0 = Debug|Any CPU
		{22E4C395-2D90-4CDF-8C82-47D3521FBFD1}.Release|Any CPU.ActiveCfg = Release|Any CPU
		{22E4C395-2D90-4CDF-8C82-47D3521FBFD1}.Release|Any CPU.Build.0 = Release|Any CPU
		{554330C4-85B7-470D-BF27-1FF861E7CF02}.Debug|Any CPU.ActiveCfg = Debug|Any CPU
		{554330C4-85B7-470D-BF27-1FF861E7CF02}.Debug|Any CPU.Build.0 = Debug|Any CPU
		{554330C4-85B7-470D-BF27-1FF861E7CF02}.Release|Any CPU.ActiveCfg = Release|Any CPU
		{554330C4-85B7-470D-BF27-1FF861E7CF02}.Release|Any CPU.Build.0 = Release|Any CPU
		{7F5D3B88-3D4F-4E3C-A6DA-11196D0B56EA}.Debug|Any CPU.ActiveCfg = Debug|Any CPU
		{7F5D3B88-3D4F-4E3C-A6DA-11196D0B56EA}.Debug|Any CPU.Build.0 = Debug|Any CPU
		{7F5D3B88-3D4F-4E3C-A6DA-11196D0B56EA}.Release|Any CPU.ActiveCfg = Release|Any CPU
		{7F5D3B88-3D4F-4E3C-A6DA-11196D0B56EA}.Release|Any CPU.Build.0 = Release|Any CPU
	EndGlobalSection
	GlobalSection(SolutionProperties) = preSolution
		HideSolutionNode = FALSE
	EndGlobalSection
	GlobalSection(ExtensibilityGlobals) = postSolution
		SolutionGuid = {0A5D977C-0DDE-4186-9D6D-0EAC215222E4}
	EndGlobalSection
EndGlobal
